
Microsoft Visual Studio Solution File, Format Version 12.00
# Visual Studio Version 17
VisualStudioVersion = 17.4.33213.308
MinimumVisualStudioVersion = 10.0.40219.1
Project("{FAE04EC0-301F-11D3-BF4B-00C04F79EFBC}") = "CandidateWebApplication", "CandidateWebApplication\CandidateWebApplication.csproj", "{62CF57AB-4062-400B-8EFB-A9FB6F94167F}"
EndProject
Global
	GlobalSection(SolutionConfigurationPlatforms) = preSolution
		Debug|Any CPU = Debug|Any CPU
		Release|Any CPU = Release|Any CPU
	EndGlobalSection
	GlobalSection(ProjectConfigurationPlatforms) = postSolution
		{62CF57AB-4062-400B-8EFB-A9FB6F94167F}.Debug|Any CPU.ActiveCfg = Debug|Any CPU
		{62CF57AB-4062-400B-8EFB-A9FB6F94167F}.Debug|Any CPU.Build.0 = Debug|Any CPU
		{62CF57AB-4062-400B-8EFB-A9FB6F94167F}.Release|Any CPU.ActiveCfg = Release|Any CPU
		{62CF57AB-4062-400B-8EFB-A9FB6F94167F}.Release|Any CPU.Build.0 = Release|Any CPU
	EndGlobalSection
	GlobalSection(SolutionProperties) = preSolution
		HideSolutionNode = FALSE
	EndGlobalSection
	GlobalSection(ExtensibilityGlobals) = postSolution
		SolutionGuid = {CD6E0C86-FC07-408D-987E-A118AE56608F}
	EndGlobalSection
EndGlobal
